
Microsoft Visual Studio Solution File, Format Version 12.00
# Visual Studio 15
VisualStudioVersion = 15.0.26730.16
MinimumVisualStudioVersion = 10.0.40219.1
Project("{FAE04EC0-301F-11D3-BF4B-00C04F79EFBC}") = "PC", "PC\PC.csproj", "{22F9D9B0-7688-4956-A5A6-7930629BA47D}"
EndProject
Global
	GlobalSection(SolutionConfigurationPlatforms) = preSolution
		Debug|Any CPU = Debug|Any CPU
		Release|Any CPU = Release|Any CPU
	EndGlobalSection
	GlobalSection(ProjectConfigurationPlatforms) = postSolution
		{22F9D9B0-7688-4956-A5A6-7930629BA47D}.Debug|Any CPU.ActiveCfg = Debug|Any CPU
		{22F9D9B0-7688-4956-A5A6-7930629BA47D}.Debug|Any CPU.Build.0 = Debug|Any CPU
		{22F9D9B0-7688-4956-A5A6-7930629BA47D}.Release|Any CPU.ActiveCfg = Release|Any CPU
		{22F9D9B0-7688-4956-A5A6-7930629BA47D}.Release|Any CPU.Build.0 = Release|Any CPU
	EndGlobalSection
	GlobalSection(SolutionProperties) = preSolution
		HideSolutionNode = FALSE
	EndGlobalSection
	GlobalSection(ExtensibilityGlobals) = postSolution
		SolutionGuid = {BC1EA2C4-8E45-481C-BAD6-0369ACEF021E}
	EndGlobalSection
EndGlobal
